
Microsoft Visual Studio Solution File, Format Version 12.00
# Visual Studio Version 17
VisualStudioVersion = 17.5.33516.290
MinimumVisualStudioVersion = 10.0.40219.1
Project("{FAE04EC0-301F-11D3-BF4B-00C04F79EFBC}") = "FileStorageApi", "FileStorageApi.csproj", "{33F7158E-F164-4CA2-9D09-A00DC94FB7B2}"
EndProject
Global
	GlobalSection(SolutionConfigurationPlatforms) = preSolution
		Debug|Any CPU = Debug|Any CPU
		Release|Any CPU = Release|Any CPU
	EndGlobalSection
	GlobalSection(ProjectConfigurationPlatforms) = postSolution
		{33F7158E-F164-4CA2-9D09-A00DC94FB7B2}.Debug|Any CPU.ActiveCfg = Debug|Any CPU
		{33F7158E-F164-4CA2-9D09-A00DC94FB7B2}.Debug|Any CPU.Build.0 = Debug|Any CPU
		{33F7158E-F164-4CA2-9D09-A00DC94FB7B2}.Release|Any CPU.ActiveCfg = Release|Any CPU
		{33F7158E-F164-4CA2-9D09-A00DC94FB7B2}.Release|Any CPU.Build.0 = Release|Any CPU
	EndGlobalSection
	GlobalSection(SolutionProperties) = preSolution
		HideSolutionNode = FALSE
	EndGlobalSection
	GlobalSection(ExtensibilityGlobals) = postSolution
		SolutionGuid = {0F756C75-2004-4FB8-A00D-2EF6031A4572}
	EndGlobalSection
EndGlobal
